
Microsoft Visual Studio Solution File, Format Version 12.00
# Visual Studio Version 17
VisualStudioVersion = 17.3.32825.248
MinimumVisualStudioVersion = 10.0.40219.1
Project("{FAE04EC0-301F-11D3-BF4B-00C04F79EFBC}") = "DogLoader", "DogLoader\DogLoader.csproj", "{B3E94D19-0A21-4CB0-8105-D5DCA33ACEEE}"
EndProject
Global
	GlobalSection(SolutionConfigurationPlatforms) = preSolution
		Debug|Any CPU = Debug|Any CPU
		Release|Any CPU = Release|Any CPU
	EndGlobalSection
	GlobalSection(ProjectConfigurationPlatforms) = postSolution
		{B3E94D19-0A21-4CB0-8105-D5DCA33ACEEE}.Debug|Any CPU.ActiveCfg = Debug|Any CPU
		{B3E94D19-0A21-4CB0-8105-D5DCA33ACEEE}.Debug|Any CPU.Build.0 = Debug|Any CPU
		{B3E94D19-0A21-4CB0-8105-D5DCA33ACEEE}.Release|Any CPU.ActiveCfg = Release|Any CPU
		{B3E94D19-0A21-4CB0-8105-D5DCA33ACEEE}.Release|Any CPU.Build.0 = Release|Any CPU
	EndGlobalSection
	GlobalSection(SolutionProperties) = preSolution
		HideSolutionNode = FALSE
	EndGlobalSection
	GlobalSection(ExtensibilityGlobals) = postSolution
		SolutionGuid = {8531131E-B85D-45C7-80C1-D5F7122F90CC}
	EndGlobalSection
EndGlobal
